
Microsoft Visual Studio Solution File, Format Version 12.00
# Visual Studio Version 16
VisualStudioVersion = 16.0.32002.261
MinimumVisualStudioVersion = 10.0.40219.1
Project("{FAE04EC0-301F-11D3-BF4B-00C04F79EFBC}") = "EmployeeService", "EmployeeService\EmployeeService.csproj", "{F5678EB7-B163-49E7-AA3D-18963E1E8C73}"
EndProject
Global
	GlobalSection(SolutionConfigurationPlatforms) = preSolution
		Debug|Any CPU = Debug|Any CPU
		Release|Any CPU = Release|Any CPU
	EndGlobalSection
	GlobalSection(ProjectConfigurationPlatforms) = postSolution
		{F5678EB7-B163-49E7-AA3D-18963E1E8C73}.Debug|Any CPU.ActiveCfg = Debug|Any CPU
		{F5678EB7-B163-49E7-AA3D-18963E1E8C73}.Debug|Any CPU.Build.0 = Debug|Any CPU
		{F5678EB7-B163-49E7-AA3D-18963E1E8C73}.Release|Any CPU.ActiveCfg = Release|Any CPU
		{F5678EB7-B163-49E7-AA3D-18963E1E8C73}.Release|Any CPU.Build.0 = Release|Any CPU
	EndGlobalSection
	GlobalSection(SolutionProperties) = preSolution
		HideSolutionNode = FALSE
	EndGlobalSection
	GlobalSection(ExtensibilityGlobals) = postSolution
		SolutionGuid = {589C47A1-B1B1-48C5-94A2-481332B10162}
	EndGlobalSection
EndGlobal
